
Microsoft Visual Studio Solution File, Format Version 12.00
# Visual Studio Version 17
VisualStudioVersion = 17.11.35312.102
MinimumVisualStudioVersion = 10.0.40219.1
Project("{FAE04EC0-301F-11D3-BF4B-00C04F79EFBC}") = "01_MainSubjects", "01_MainSubjects\01_MainSubjects.csproj", "{33DEC33C-59AB-4B71-8D21-BD9C9D51AD8F}"
EndProject
Project("{FAE04EC0-301F-11D3-BF4B-00C04F79EFBC}") = "02_Variables", "02_Variables\02_Variables.csproj", "{B17BBA10-C612-4033-930A-FCC739304136}"
EndProject
Project("{FAE04EC0-301F-11D3-BF4B-00C04F79EFBC}") = "03_MakingDecision", "03_MakingDecision\03_MakingDecision.csproj", "{C254DDA1-8F42-4380-80EC-1695F868958E}"
EndProject
Project("{FAE04EC0-301F-11D3-BF4B-00C04F79EFBC}") = "04_Loops", "04_Loops\04_Loops.csproj", "{92B92B9A-071C-48A1-A57F-4C4F36D864A0}"
EndProject
Project("{FAE04EC0-301F-11D3-BF4B-00C04F79EFBC}") = "05_LoopsWithStars", "05_LoopsWithStars\05_LoopsWithStars.csproj", "{5D4E3EB2-A622-4067-A611-90613860C2B4}"
EndProject
Project("{FAE04EC0-301F-11D3-BF4B-00C04F79EFBC}") = "06_Arrays", "06_Arrays\06_Arrays.csproj", "{358C4646-C20D-4B37-B614-90084BBE2657}"
EndProject
Project("{9A19103F-16F7-4668-BE54-9A1E7A4F7556}") = "07_ForeachLoops", "07_Foreach\07_ForeachLoops.csproj", "{27A640D4-7B77-46D8-92CB-0D5E1CDDE394}"
EndProject
Project("{FAE04EC0-301F-11D3-BF4B-00C04F79EFBC}") = "08_Methods", "08_Methods\08_Methods.csproj", "{A49357C1-AD54-421D-B897-53C19864553C}"
EndProject
Global
	GlobalSection(SolutionConfigurationPlatforms) = preSolution
		Debug|Any CPU = Debug|Any CPU
		Release|Any CPU = Release|Any CPU
	EndGlobalSection
	GlobalSection(ProjectConfigurationPlatforms) = postSolution
		{33DEC33C-59AB-4B71-8D21-BD9C9D51AD8F}.Debug|Any CPU.ActiveCfg = Debug|Any CPU
		{33DEC33C-59AB-4B71-8D21-BD9C9D51AD8F}.Debug|Any CPU.Build.0 = Debug|Any CPU
		{33DEC33C-59AB-4B71-8D21-BD9C9D51AD8F}.Release|Any CPU.ActiveCfg = Release|Any CPU
		{33DEC33C-59AB-4B71-8D21-BD9C9D51AD8F}.Release|Any CPU.Build.0 = Release|Any CPU
		{B17BBA10-C612-4033-930A-FCC739304136}.Debug|Any CPU.ActiveCfg = Debug|Any CPU
		{B17BBA10-C612-4033-930A-FCC739304136}.Debug|Any CPU.Build.0 = Debug|Any CPU
		{B17BBA10-C612-4033-930A-FCC739304136}.Release|Any CPU.ActiveCfg = Release|Any CPU
		{B17BBA10-C612-4033-930A-FCC739304136}.Release|Any CPU.Build.0 = Release|Any CPU
		{C254DDA1-8F42-4380-80EC-1695F868958E}.Debug|Any CPU.ActiveCfg = Debug|Any CPU
		{C254DDA1-8F42-4380-80EC-1695F868958E}.Debug|Any CPU.Build.0 = Debug|Any CPU
		{C254DDA1-8F42-4380-80EC-1695F868958E}.Release|Any CPU.ActiveCfg = Release|Any CPU
		{C254DDA1-8F42-4380-80EC-1695F868958E}.Release|Any CPU.Build.0 = Release|Any CPU
		{92B92B9A-071C-48A1-A57F-4C4F36D864A0}.Debug|Any CPU.ActiveCfg = Debug|Any CPU
		{92B92B9A-071C-48A1-A57F-4C4F36D864A0}.Debug|Any CPU.Build.0 = Debug|Any CPU
		{92B92B9A-071C-48A1-A57F-4C4F36D864A0}.Release|Any CPU.ActiveCfg = Release|Any CPU
		{92B92B9A-071C-48A1-A57F-4C4F36D864A0}.Release|Any CPU.Build.0 = Release|Any CPU
		{5D4E3EB2-A622-4067-A611-90613860C2B4}.Debug|Any CPU.ActiveCfg = Debug|Any CPU
		{5D4E3EB2-A622-4067-A611-90613860C2B4}.Debug|Any CPU.Build.0 = Debug|Any CPU
		{5D4E3EB2-A622-4067-A611-90613860C2B4}.Release|Any CPU.ActiveCfg = Release|Any CPU
		{5D4E3EB2-A622-4067-A611-90613860C2B4}.Release|Any CPU.Build.0 = Release|Any CPU
		{358C4646-C20D-4B37-B614-90084BBE2657}.Debug|Any CPU.ActiveCfg = Debug|Any CPU
		{358C4646-C20D-4B37-B614-90084BBE2657}.Debug|Any CPU.Build.0 = Debug|Any CPU
		{358C4646-C20D-4B37-B614-90084BBE2657}.Release|Any CPU.ActiveCfg = Release|Any CPU
		{358C4646-C20D-4B37-B614-90084BBE2657}.Release|Any CPU.Build.0 = Release|Any CPU
		{27A640D4-7B77-46D8-92CB-0D5E1CDDE394}.Debug|Any CPU.ActiveCfg = Debug|Any CPU
		{27A640D4-7B77-46D8-92CB-0D5E1CDDE394}.Debug|Any CPU.Build.0 = Debug|Any CPU
		{27A640D4-7B77-46D8-92CB-0D5E1CDDE394}.Release|Any CPU.ActiveCfg = Release|Any CPU
		{27A640D4-7B77-46D8-92CB-0D5E1CDDE394}.Release|Any CPU.Build.0 = Release|Any CPU
		{A49357C1-AD54-421D-B897-53C19864553C}.Debug|Any CPU.ActiveCfg = Debug|Any CPU
		{A49357C1-AD54-421D-B897-53C19864553C}.Debug|Any CPU.Build.0 = Debug|Any CPU
		{A49357C1-AD54-421D-B897-53C19864553C}.Release|Any CPU.ActiveCfg = Release|Any CPU
		{A49357C1-AD54-421D-B897-53C19864553C}.Release|Any CPU.Build.0 = Release|Any CPU
	EndGlobalSection
	GlobalSection(SolutionProperties) = preSolution
		HideSolutionNode = FALSE
	EndGlobalSection
	GlobalSection(ExtensibilityGlobals) = postSolution
		SolutionGuid = {0415A2F4-8910-4C65-AC9F-FBC6AD76EC5E}
	EndGlobalSection
EndGlobal
